
Microsoft Visual Studio Solution File, Format Version 12.00
# Visual Studio Version 17
VisualStudioVersion = 17.5.33502.453
MinimumVisualStudioVersion = 10.0.40219.1
Project("{FAE04EC0-301F-11D3-BF4B-00C04F79EFBC}") = "TestMediateur", "TestMediateur\TestMediateur.csproj", "{976B42B4-F87E-4578-B75D-AD38A74B2800}"
EndProject
Global
	GlobalSection(SolutionConfigurationPlatforms) = preSolution
		Debug|Any CPU = Debug|Any CPU
		Release|Any CPU = Release|Any CPU
	EndGlobalSection
	GlobalSection(ProjectConfigurationPlatforms) = postSolution
		{976B42B4-F87E-4578-B75D-AD38A74B2800}.Debug|Any CPU.ActiveCfg = Debug|Any CPU
		{976B42B4-F87E-4578-B75D-AD38A74B2800}.Debug|Any CPU.Build.0 = Debug|Any CPU
		{976B42B4-F87E-4578-B75D-AD38A74B2800}.Release|Any CPU.ActiveCfg = Release|Any CPU
		{976B42B4-F87E-4578-B75D-AD38A74B2800}.Release|Any CPU.Build.0 = Release|Any CPU
	EndGlobalSection
	GlobalSection(SolutionProperties) = preSolution
		HideSolutionNode = FALSE
	EndGlobalSection
	GlobalSection(ExtensibilityGlobals) = postSolution
		SolutionGuid = {19BAB10D-3E3B-4400-AFB8-4763C264F2DE}
	EndGlobalSection
EndGlobal
